# THIS IS AN AUTOGENERATED FILE. DO NOT EDIT THIS FILE DIRECTLY.
# yarn lockfile v1


"@types/google-protobuf@^3.2.7":
  version "3.2.7"
  resolved "https://registry.yarnpkg.com/@types/google-protobuf/-/google-protobuf-3.2.7.tgz#9576ed5dd62cdb1c9f952522028a03b7cb2b69b5"

"@types/graphql@^0.13.3":
  version "0.13.3"
  resolved "https://registry.yarnpkg.com/@types/graphql/-/graphql-0.13.3.tgz#23af65796d341f93ef5b485138bd52c67786452d"

"@types/node@^10.5.2":
  version "10.5.2"
  resolved "https://registry.yarnpkg.com/@types/node/-/node-10.5.2.tgz#f19f05314d5421fe37e74153254201a7bf00a707"

any-promise@^1.1.0, any-promise@~1.3.0:
  version "1.3.0"
  resolved "https://registry.yarnpkg.com/any-promise/-/any-promise-1.3.0.tgz#abc6afeedcea52e809cdc0376aed3ce39635d17f"

buffer-to-uint8array@^1.1.0:
  version "1.1.0"
  resolved "https://registry.yarnpkg.com/buffer-to-uint8array/-/buffer-to-uint8array-1.1.0.tgz#cf6f41287c022f458da752c391c1a8d535ec5f72"

end-of-stream@~1.1.0:
  version "1.1.0"
  resolved "https://registry.yarnpkg.com/end-of-stream/-/end-of-stream-1.1.0.tgz#e9353258baa9108965efc41cb0ef8ade2f3cfb07"
  dependencies:
    once "~1.3.0"

google-protobuf@^3.6.0:
  version "3.6.0"
  resolved "https://registry.yarnpkg.com/google-protobuf/-/google-protobuf-3.6.0.tgz#e2bafb00c20a8734174d8f89e0a842709e2ceed0"

graphql@^0.13.2:
  version "0.13.2"
  resolved "https://registry.yarnpkg.com/graphql/-/graphql-0.13.2.tgz#4c740ae3c222823e7004096f832e7b93b2108270"
  dependencies:
    iterall "^1.2.1"

iterall@^1.2.1:
  version "1.2.2"
  resolved "https://registry.yarnpkg.com/iterall/-/iterall-1.2.2.tgz#92d70deb8028e0c39ff3164fdbf4d8b088130cd7"

once@~1.3.0:
  version "1.3.3"
  resolved "https://registry.yarnpkg.com/once/-/once-1.3.3.tgz#b2e261557ce4c314ec8304f3fa82663e4297ca20"
  dependencies:
    wrappy "1"

stream-to-array@~2.3.0:
  version "2.3.0"
  resolved "https://registry.yarnpkg.com/stream-to-array/-/stream-to-array-2.3.0.tgz#bbf6b39f5f43ec30bc71babcb37557acecf34353"
  dependencies:
    any-promise "^1.1.0"

stream-to-promise@^2.2.0:
  version "2.2.0"
  resolved "https://registry.yarnpkg.com/stream-to-promise/-/stream-to-promise-2.2.0.tgz#b1edb2e1c8cb11289d1b503c08d3f2aef51e650f"
  dependencies:
    any-promise "~1.3.0"
    end-of-stream "~1.1.0"
    stream-to-array "~2.3.0"

typescript@^2.9.2:
  version "2.9.2"
  resolved "https://registry.yarnpkg.com/typescript/-/typescript-2.9.2.tgz#1cbf61d05d6b96269244eb6a3bce4bd914e0f00c"

wrappy@1:
  version "1.0.2"
  resolved "https://registry.yarnpkg.com/wrappy/-/wrappy-1.0.2.tgz#b5243d8f3ec1aa35f1364605bc0d1036e30ab69f"
